// !$*UTF8*$!
{
	archiveVersion = 1;
	classes = {
	};
	objectVersion = 70;
	objects = {

/* Begin PBXBuildFile section */
		BE9D9B9E2D1107F000A29A13 /* FirebaseAuth in Frameworks */ = {isa = PBXBuildFile; productRef = BE9D9B9D2D1107F000A29A13 /* FirebaseAuth */; };
		BE9D9BA02D1107F000A29A13 /* FirebaseFirestore in Frameworks */ = {isa = PBXBuildFile; productRef = BE9D9B9F2D1107F000A29A13 /* FirebaseFirestore */; };
		BEB9FDD52D111CAB004ABD4B /* FirebaseDatabase in Frameworks */ = {isa = PBXBuildFile; productRef = BEB9FDD42D111CAB004ABD4B /* FirebaseDatabase */; };
/* End PBXBuildFile section */

/* Begin PBXContainerItemProxy section */
		BE59A7942D10928E00C92ADB /* PBXContainerItemProxy */ = {
			isa = PBXContainerItemProxy;
			containerPortal = BE59A77B2D10928B00C92ADB /* Project object */;
			proxyType = 1;
			remoteGlobalIDString = BE59A7822D10928B00C92ADB;
			remoteInfo = appFirebaseTutorialApp;
		};
		BE59A79E2D10928E00C92ADB /* PBXContainerItemProxy */ = {
			isa = PBXContainerItemProxy;
			containerPortal = BE59A77B2D10928B00C92ADB /* Project object */;
			proxyType = 1;
			remoteGlobalIDString = BE59A7822D10928B00C92ADB;
			remoteInfo = appFirebaseTutorialApp;
		};
/* End PBXContainerItemProxy section */

/* Begin PBXFileReference section */
		BE59A7832D10928B00C92ADB /* appFirebaseTutorialApp.app */ = {isa = PBXFileReference; explicitFileType = wrapper.application; includeInIndex = 0; path = appFirebaseTutorialApp.app; sourceTree = BUILT_PRODUCTS_DIR; };
		BE59A7932D10928E00C92ADB /* appFirebaseTutorialAppTests.xctest */ = {isa = PBXFileReference; explicitFileType = wrapper.cfbundle; includeInIndex = 0; path = appFirebaseTutorialAppTests.xctest; sourceTree = BUILT_PRODUCTS_DIR; };
		BE59A79D2D10928E00C92ADB /* appFirebaseTutorialAppUITests.xctest */ = {isa = PBXFileReference; explicitFileType = wrapper.cfbundle; includeInIndex = 0; path = appFirebaseTutorialAppUITests.xctest; sourceTree = BUILT_PRODUCTS_DIR; };
/* End PBXFileReference section */

/* Begin PBXFileSystemSynchronizedRootGroup section */
		BE59A7852D10928B00C92ADB /* appFirebaseTutorialApp */ = {isa = PBXFileSystemSynchronizedRootGroup; explicitFileTypes = {}; explicitFolders = (); path = appFirebaseTutorialApp; sourceTree = "<group>"; };
		BE59A7962D10928E00C92ADB /* appFirebaseTutorialAppTests */ = {isa = PBXFileSystemSynchronizedRootGroup; explicitFileTypes = {}; explicitFolders = (); path = appFirebaseTutorialAppTests; sourceTree = "<group>"; };
		BE59A7A02D10928E00C92ADB /* appFirebaseTutorialAppUITests */ = {isa = PBXFileSystemSynchronizedRootGroup; explicitFileTypes = {}; explicitFolders = (); path = appFirebaseTutorialAppUITests; sourceTree = "<group>"; };
/* End PBXFileSystemSynchronizedRootGroup section */

/* Begin PBXFrameworksBuildPhase section */
		BE59A7802D10928B00C92ADB /* Frameworks */ = {
			isa = PBXFrameworksBuildPhase;
			buildActionMask = 2147483647;
			files = (
				BEB9FDD52D111CAB004ABD4B /* FirebaseDatabase in Frameworks */,
				BE9D9B9E2D1107F000A29A13 /* FirebaseAuth in Frameworks */,
				BE9D9BA02D1107F000A29A13 /* FirebaseFirestore in Frameworks */,
			);
			runOnlyForDeploymentPostprocessing = 0;
		};
		BE59A7902D10928E00C92ADB /* Frameworks */ = {
			isa = PBXFrameworksBuildPhase;
			buildActionMask = 2147483647;
			files = (
			);
			runOnlyForDeploymentPostprocessing = 0;
		};
		BE59A79A2D10928E00C92ADB /* Frameworks */ = {
			isa = PBXFrameworksBuildPhase;
			buildActionMask = 2147483647;
			files = (
			);
			runOnlyForDeploymentPostprocessing = 0;
		};
/* End PBXFrameworksBuildPhase section */

/* Begin PBXGroup section */
		BE59A77A2D10928B00C92ADB = {
			isa = PBXGroup;
			children = (
				BE59A7852D10928B00C92ADB /* appFirebaseTutorialApp */,
				BE59A7962D10928E00C92ADB /* appFirebaseTutorialAppTests */,
				BE59A7A02D10928E00C92ADB /* appFirebaseTutorialAppUITests */,
				BE59A7842D10928B00C92ADB /* Products */,
			);
			sourceTree = "<group>";
		};
		BE59A7842D10928B00C92ADB /* Products */ = {
			isa = PBXGroup;
			children = (
				BE59A7832D10928B00C92ADB /* appFirebaseTutorialApp.app */,
				BE59A7932D10928E00C92ADB /* appFirebaseTutorialAppTests.xctest */,
				BE59A79D2D10928E00C92ADB /* appFirebaseTutorialAppUITests.xctest */,
			);
			name = Products;
			sourceTree = "<group>";
		};
/* End PBXGroup section */

/* Begin PBXNativeTarget section */
		BE59A7822D10928B00C92ADB /* appFirebaseTutorialApp */ = {
			isa = PBXNativeTarget;
			buildConfigurationList = BE59A7A72D10928E00C92ADB /* Build configuration list for PBXNativeTarget "appFirebaseTutorialApp" */;
			buildPhases = (
				BE59A77F2D10928B00C92ADB /* Sources */,
				BE59A7802D10928B00C92ADB /* Frameworks */,
				BE59A7812D10928B00C92ADB /* Resources */,
			);
			buildRules = (
			);
			dependencies = (
			);
			fileSystemSynchronizedGroups = (
				BE59A7852D10928B00C92ADB /* appFirebaseTutorialApp */,
			);
			name = appFirebaseTutorialApp;
			packageProductDependencies = (
				BE9D9B9D2D1107F000A29A13 /* FirebaseAuth */,
				BE9D9B9F2D1107F000A29A13 /* FirebaseFirestore */,
				BEB9FDD42D111CAB004ABD4B /* FirebaseDatabase */,
			);
			productName = appFirebaseTutorialApp;
			productReference = BE59A7832D10928B00C92ADB /* appFirebaseTutorialApp.app */;
			productType = "com.apple.product-type.application";
		};
		BE59A7922D10928E00C92ADB /* appFirebaseTutorialAppTests */ = {
			isa = PBXNativeTarget;
			buildConfigurationList = BE59A7AA2D10928E00C92ADB /* Build configuration list for PBXNativeTarget "appFirebaseTutorialAppTests" */;
			buildPhases = (
				BE59A78F2D10928E00C92ADB /* Sources */,
				BE59A7902D10928E00C92ADB /* Frameworks */,
				BE59A7912D10928E00C92ADB /* Resources */,
			);
			buildRules = (
			);
			dependencies = (
				BE59A7952D10928E00C92ADB /* PBXTargetDependency */,
			);
			fileSystemSynchronizedGroups = (
				BE59A7962D10928E00C92ADB /* appFirebaseTutorialAppTests */,
			);
			name = appFirebaseTutorialAppTests;
			packageProductDependencies = (
			);
			productName = appFirebaseTutorialAppTests;
			productReference = BE59A7932D10928E00C92ADB /* appFirebaseTutorialAppTests.xctest */;
			productType = "com.apple.product-type.bundle.unit-test";
		};
		BE59A79C2D10928E00C92ADB /* appFirebaseTutorialAppUITests */ = {
			isa = PBXNativeTarget;
			buildConfigurationList = BE59A7AD2D10928E00C92ADB /* Build configuration list for PBXNativeTarget "appFirebaseTutorialAppUITests" */;
			buildPhases = (
				BE59A7992D10928E00C92ADB /* Sources */,
				BE59A79A2D10928E00C92ADB /* Frameworks */,
				BE59A79B2D10928E00C92ADB /* Resources */,
			);
			buildRules = (
			);
			dependencies = (
				BE59A79F2D10928E00C92ADB /* PBXTargetDependency */,
			);
			fileSystemSynchronizedGroups = (
				BE59A7A02D10928E00C92ADB /* appFirebaseTutorialAppUITests */,
			);
			name = appFirebaseTutorialAppUITests;
			packageProductDependencies = (
			);
			productName = appFirebaseTutorialAppUITests;
			productReference = BE59A79D2D10928E00C92ADB /* appFirebaseTutorialAppUITests.xctest */;
			productType = "com.apple.product-type.bundle.ui-testing";
		};
/* End PBXNativeTarget section */

/* Begin PBXProject section */
		BE59A77B2D10928B00C92ADB /* Project object */ = {
			isa = PBXProject;
			attributes = {
				BuildIndependentTargetsInParallel = 1;
				LastSwiftUpdateCheck = 1600;
				LastUpgradeCheck = 1600;
				TargetAttributes = {
					BE59A7822D10928B00C92ADB = {
						CreatedOnToolsVersion = 16.0;
					};
					BE59A7922D10928E00C92ADB = {
						CreatedOnToolsVersion = 16.0;
						TestTargetID = BE59A7822D10928B00C92ADB;
					};
					BE59A79C2D10928E00C92ADB = {
						CreatedOnToolsVersion = 16.0;
						TestTargetID = BE59A7822D10928B00C92ADB;
					};
				};
			};
			buildConfigurationList = BE59A77E2D10928B00C92ADB /* Build configuration list for PBXProject "appFirebaseTutorialApp" */;
			compatibilityVersion = "Xcode 14.0";
			developmentRegion = en;
			hasScannedForEncodings = 0;
			knownRegions = (
				en,
				Base,
			);
			mainGroup = BE59A77A2D10928B00C92ADB;
			minimizedProjectReferenceProxies = 1;
			packageReferences = (
				BE9D9B9C2D1107F000A29A13 /* XCRemoteSwiftPackageReference "firebase-ios-sdk" */,
			);
			productRefGroup = BE59A7842D10928B00C92ADB /* Products */;
			projectDirPath = "";
			projectRoot = "";
			targets = (
				BE59A7822D10928B00C92ADB /* appFirebaseTutorialApp */,
				BE59A7922D10928E00C92ADB /* appFirebaseTutorialAppTests */,
				BE59A79C2D10928E00C92ADB /* appFirebaseTutorialAppUITests */,
			);
		};
/* End PBXProject section */

/* Begin PBXResourcesBuildPhase section */
		BE59A7812D10928B00C92ADB /* Resources */ = {
			isa = PBXResourcesBuildPhase;
			buildActionMask = 2147483647;
			files = (
			);
			runOnlyForDeploymentPostprocessing = 0;
		};
		BE59A7912D10928E00C92ADB /* Resources */ = {
			isa = PBXResourcesBuildPhase;
			buildActionMask = 2147483647;
			files = (
			);
			runOnlyForDeploymentPostprocessing = 0;
		};
		BE59A79B2D10928E00C92ADB /* Resources */ = {
			isa = PBXResourcesBuildPhase;
			buildActionMask = 2147483647;
			files = (
			);
			runOnlyForDeploymentPostprocessing = 0;
		};
/* End PBXResourcesBuildPhase section */

/* Begin PBXSourcesBuildPhase section */
		BE59A77F2D10928B00C92ADB /* Sources */ = {
			isa = PBXSourcesBuildPhase;
			buildActionMask = 2147483647;
			files = (
			);
			runOnlyForDeploymentPostprocessing = 0;
		};
		BE59A78F2D10928E00C92ADB /* Sources */ = {
			isa = PBXSourcesBuildPhase;
			buildActionMask = 2147483647;
			files = (
			);
			runOnlyForDeploymentPostprocessing = 0;
		};
		BE59A7992D10928E00C92ADB /* Sources */ = {
			isa = PBXSourcesBuildPhase;
			buildActionMask = 2147483647;
			files = (
			);
			runOnlyForDeploymentPostprocessing = 0;
		};
/* End PBXSourcesBuildPhase section */

/* Begin PBXTargetDependency section */
		BE59A7952D10928E00C92ADB /* PBXTargetDependency */ = {
			isa = PBXTargetDependency;
			target = BE59A7822D10928B00C92ADB /* appFirebaseTutorialApp */;
			targetProxy = BE59A7942D10928E00C92ADB /* PBXContainerItemProxy */;
		};
		BE59A79F2D10928E00C92ADB /* PBXTargetDependency */ = {
			isa = PBXTargetDependency;
			target = BE59A7822D10928B00C92ADB /* appFirebaseTutorialApp */;
			targetProxy = BE59A79E2D10928E00C92ADB /* PBXContainerItemProxy */;
		};
/* End PBXTargetDependency section */

/* Begin XCBuildConfiguration section */
		BE59A7A52D10928E00C92ADB /* Debug */ = {
			isa = XCBuildConfiguration;
			buildSettings = {
				ALWAYS_SEARCH_USER_PATHS = NO;
				ASSETCATALOG_COMPILER_GENERATE_SWIFT_ASSET_SYMBOL_EXTENSIONS = YES;
				CLANG_ANALYZER_NONNULL = YES;
				CLANG_ANALYZER_NUMBER_OBJECT_CONVERSION = YES_AGGRESSIVE;
				CLANG_CXX_LANGUAGE_STANDARD = "gnu++20";
				CLANG_ENABLE_MODULES = YES;
				CLANG_ENABLE_OBJC_ARC = YES;
				CLANG_ENABLE_OBJC_WEAK = YES;
				CLANG_WARN_BLOCK_CAPTURE_AUTORELEASING = YES;
				CLANG_WARN_BOOL_CONVERSION = YES;
				CLANG_WARN_COMMA = YES;
				CLANG_WARN_CONSTANT_CONVERSION = YES;
				CLANG_WARN_DEPRECATED_OBJC_IMPLEMENTATIONS = YES;
				CLANG_WARN_DIRECT_OBJC_ISA_USAGE = YES_ERROR;
				CLANG_WARN_DOCUMENTATION_COMMENTS = YES;
				CLANG_WARN_EMPTY_BODY = YES;
				CLANG_WARN_ENUM_CONVERSION = YES;
				CLANG_WARN_INFINITE_RECURSION = YES;
				CLANG_WARN_INT_CONVERSION = YES;
				CLANG_WARN_NON_LITERAL_NULL_CONVERSION = YES;
				CLANG_WARN_OBJC_IMPLICIT_RETAIN_SELF = YES;
				CLANG_WARN_OBJC_LITERAL_CONVERSION = YES;
				CLANG_WARN_OBJC_ROOT_CLASS = YES_ERROR;
				CLANG_WARN_QUOTED_INCLUDE_IN_FRAMEWORK_HEADER = YES;
				CLANG_WARN_RANGE_LOOP_ANALYSIS = YES;
				CLANG_WARN_STRICT_PROTOTYPES = YES;
				CLANG_WARN_SUSPICIOUS_MOVE = YES;
				CLANG_WARN_UNGUARDED_AVAILABILITY = YES_AGGRESSIVE;
				CLANG_WARN_UNREACHABLE_CODE = YES;
				CLANG_WARN__DUPLICATE_METHOD_MATCH = YES;
				COPY_PHASE_STRIP = NO;
				DEBUG_INFORMATION_FORMAT = dwarf;
				ENABLE_STRICT_OBJC_MSGSEND = YES;
				ENABLE_TESTABILITY = YES;
				ENABLE_USER_SCRIPT_SANDBOXING = YES;
				GCC_C_LANGUAGE_STANDARD = gnu17;
				GCC_DYNAMIC_NO_PIC = NO;
				GCC_NO_COMMON_BLOCKS = YES;
				GCC_OPTIMIZATION_LEVEL = 0;
				GCC_PREPROCESSOR_DEFINITIONS = (
					"DEBUG=1",
					"$(inherited)",
				);
				GCC_WARN_64_TO_32_BIT_CONVERSION = YES;
				GCC_WARN_ABOUT_RETURN_TYPE = YES_ERROR;
				GCC_WARN_UNDECLARED_SELECTOR = YES;
				GCC_WARN_UNINITIALIZED_AUTOS = YES_AGGRESSIVE;
				GCC_WARN_UNUSED_FUNCTION = YES;
				GCC_WARN_UNUSED_VARIABLE = YES;
				IPHONEOS_DEPLOYMENT_TARGET = 15.5;
				LOCALIZATION_PREFERS_STRING_CATALOGS = YES;
				MTL_ENABLE_DEBUG_INFO = INCLUDE_SOURCE;
				MTL_FAST_MATH = YES;
				ONLY_ACTIVE_ARCH = YES;
				SDKROOT = iphoneos;
				SWIFT_ACTIVE_COMPILATION_CONDITIONS = "DEBUG $(inherited)";
				SWIFT_OPTIMIZATION_LEVEL = "-Onone";
			};
			name = Debug;
		};
		BE59A7A62D10928E00C92ADB /* Release */ = {
			isa = XCBuildConfiguration;
			buildSettings = {
				ALWAYS_SEARCH_USER_PATHS = NO;
				ASSETCATALOG_COMPILER_GENERATE_SWIFT_ASSET_SYMBOL_EXTENSIONS = YES;
				CLANG_ANALYZER_NONNULL = YES;
				CLANG_ANALYZER_NUMBER_OBJECT_CONVERSION = YES_AGGRESSIVE;
				CLANG_CXX_LANGUAGE_STANDARD = "gnu++20";
				CLANG_ENABLE_MODULES = YES;
				CLANG_ENABLE_OBJC_ARC = YES;
				CLANG_ENABLE_OBJC_WEAK = YES;
				CLANG_WARN_BLOCK_CAPTURE_AUTORELEASING = YES;
				CLANG_WARN_BOOL_CONVERSION = YES;
				CLANG_WARN_COMMA = YES;
				CLANG_WARN_CONSTANT_CONVERSION = YES;
				CLANG_WARN_DEPRECATED_OBJC_IMPLEMENTATIONS = YES;
				CLANG_WARN_DIRECT_OBJC_ISA_USAGE = YES_ERROR;
				CLANG_WARN_DOCUMENTATION_COMMENTS = YES;
				CLANG_WARN_EMPTY_BODY = YES;
				CLANG_WARN_ENUM_CONVERSION = YES;
				CLANG_WARN_INFINITE_RECURSION = YES;
				CLANG_WARN_INT_CONVERSION = YES;
				CLANG_WARN_NON_LITERAL_NULL_CONVERSION = YES;
				CLANG_WARN_OBJC_IMPLICIT_RETAIN_SELF = YES;
				CLANG_WARN_OBJC_LITERAL_CONVERSION = YES;
				CLANG_WARN_OBJC_ROOT_CLASS = YES_ERROR;
				CLANG_WARN_QUOTED_INCLUDE_IN_FRAMEWORK_HEADER = YES;
				CLANG_WARN_RANGE_LOOP_ANALYSIS = YES;
				CLANG_WARN_STRICT_PROTOTYPES = YES;
				CLANG_WARN_SUSPICIOUS_MOVE = YES;
				CLANG_WARN_UNGUARDED_AVAILABILITY = YES_AGGRESSIVE;
				CLANG_WARN_UNREACHABLE_CODE = YES;
				CLANG_WARN__DUPLICATE_METHOD_MATCH = YES;
				COPY_PHASE_STRIP = NO;
				DEBUG_INFORMATION_FORMAT = "dwarf-with-dsym";
				ENABLE_NS_ASSERTIONS = NO;
				ENABLE_STRICT_OBJC_MSGSEND = YES;
				ENABLE_USER_SCRIPT_SANDBOXING = YES;
				GCC_C_LANGUAGE_STANDARD = gnu17;
				GCC_NO_COMMON_BLOCKS = YES;
				GCC_WARN_64_TO_32_BIT_CONVERSION = YES;
				GCC_WARN_ABOUT_RETURN_TYPE = YES_ERROR;
				GCC_WARN_UNDECLARED_SELECTOR = YES;
				GCC_WARN_UNINITIALIZED_AUTOS = YES_AGGRESSIVE;
				GCC_WARN_UNUSED_FUNCTION = YES;
				GCC_WARN_UNUSED_VARIABLE = YES;
				IPHONEOS_DEPLOYMENT_TARGET = 15.5;
				LOCALIZATION_PREFERS_STRING_CATALOGS = YES;
				MTL_ENABLE_DEBUG_INFO = NO;
				MTL_FAST_MATH = YES;
				SDKROOT = iphoneos;
				SWIFT_COMPILATION_MODE = wholemodule;
				VALIDATE_PRODUCT = YES;
			};
			name = Release;
		};
		BE59A7A82D10928E00C92ADB /* Debug */ = {
			isa = XCBuildConfiguration;
			buildSettings = {
				ASSETCATALOG_COMPILER_APPICON_NAME = AppIcon;
				ASSETCATALOG_COMPILER_GLOBAL_ACCENT_COLOR_NAME = AccentColor;
				CODE_SIGN_STYLE = Automatic;
				CURRENT_PROJECT_VERSION = 1;
				DEVELOPMENT_ASSET_PATHS = "\"appFirebaseTutorialApp/Preview Content\"";
				ENABLE_PREVIEWS = YES;
				GENERATE_INFOPLIST_FILE = YES;
				INFOPLIST_KEY_UIApplicationSceneManifest_Generation = YES;
				INFOPLIST_KEY_UIApplicationSupportsIndirectInputEvents = YES;
				INFOPLIST_KEY_UILaunchScreen_Generation = YES;
				INFOPLIST_KEY_UISupportedInterfaceOrientations_iPad = "UIInterfaceOrientationPortrait UIInterfaceOrientationPortraitUpsideDown UIInterfaceOrientationLandscapeLeft UIInterfaceOrientationLandscapeRight";
				INFOPLIST_KEY_UISupportedInterfaceOrientations_iPhone = "UIInterfaceOrientationPortrait UIInterfaceOrientationLandscapeLeft UIInterfaceOrientationLandscapeRight";
				LD_RUNPATH_SEARCH_PATHS = (
					"$(inherited)",
					"@executable_path/Frameworks",
				);
				MARKETING_VERSION = 1.0;
				PRODUCT_BUNDLE_IDENTIFIER = oscar.appFirebaseTutorialApp;
				PRODUCT_NAME = "$(TARGET_NAME)";
				SWIFT_EMIT_LOC_STRINGS = YES;
				SWIFT_VERSION = 5.0;
				TARGETED_DEVICE_FAMILY = "1,2";
			};
			name = Debug;
		};
		BE59A7A92D10928E00C92ADB /* Release */ = {
			isa = XCBuildConfiguration;
			buildSettings = {
				ASSETCATALOG_COMPILER_APPICON_NAME = AppIcon;
				ASSETCATALOG_COMPILER_GLOBAL_ACCENT_COLOR_NAME = AccentColor;
				CODE_SIGN_STYLE = Automatic;
				CURRENT_PROJECT_VERSION = 1;
				DEVELOPMENT_ASSET_PATHS = "\"appFirebaseTutorialApp/Preview Content\"";
				ENABLE_PREVIEWS = YES;
				GENERATE_INFOPLIST_FILE = YES;
				INFOPLIST_KEY_UIApplicationSceneManifest_Generation = YES;
				INFOPLIST_KEY_UIApplicationSupportsIndirectInputEvents = YES;
				INFOPLIST_KEY_UILaunchScreen_Generation = YES;
				INFOPLIST_KEY_UISupportedInterfaceOrientations_iPad = "UIInterfaceOrientationPortrait UIInterfaceOrientationPortraitUpsideDown UIInterfaceOrientationLandscapeLeft UIInterfaceOrientationLandscapeRight";
				INFOPLIST_KEY_UISupportedInterfaceOrientations_iPhone = "UIInterfaceOrientationPortrait UIInterfaceOrientationLandscapeLeft UIInterfaceOrientationLandscapeRight";
				LD_RUNPATH_SEARCH_PATHS = (
					"$(inherited)",
					"@executable_path/Frameworks",
				);
				MARKETING_VERSION = 1.0;
				PRODUCT_BUNDLE_IDENTIFIER = oscar.appFirebaseTutorialApp;
				PRODUCT_NAME = "$(TARGET_NAME)";
				SWIFT_EMIT_LOC_STRINGS = YES;
				SWIFT_VERSION = 5.0;
				TARGETED_DEVICE_FAMILY = "1,2";
			};
			name = Release;
		};
		BE59A7AB2D10928E00C92ADB /* Debug */ = {
			isa = XCBuildConfiguration;
			buildSettings = {
				BUNDLE_LOADER = "$(TEST_HOST)";
				CODE_SIGN_STYLE = Automatic;
				CURRENT_PROJECT_VERSION = 1;
				GENERATE_INFOPLIST_FILE = YES;
				IPHONEOS_DEPLOYMENT_TARGET = 18.0;
				MARKETING_VERSION = 1.0;
				PRODUCT_BUNDLE_IDENTIFIER = oscar.appFirebaseTutorialAppTests;
				PRODUCT_NAME = "$(TARGET_NAME)";
				SWIFT_EMIT_LOC_STRINGS = NO;
				SWIFT_VERSION = 5.0;
				TARGETED_DEVICE_FAMILY = "1,2";
				TEST_HOST = "$(BUILT_PRODUCTS_DIR)/appFirebaseTutorialApp.app/$(BUNDLE_EXECUTABLE_FOLDER_PATH)/appFirebaseTutorialApp";
			};
			name = Debug;
		};
		BE59A7AC2D10928E00C92ADB /* Release */ = {
			isa = XCBuildConfiguration;
			buildSettings = {
				BUNDLE_LOADER = "$(TEST_HOST)";
				CODE_SIGN_STYLE = Automatic;
				CURRENT_PROJECT_VERSION = 1;
				GENERATE_INFOPLIST_FILE = YES;
				IPHONEOS_DEPLOYMENT_TARGET = 18.0;
				MARKETING_VERSION = 1.0;
				PRODUCT_BUNDLE_IDENTIFIER = oscar.appFirebaseTutorialAppTests;
				PRODUCT_NAME = "$(TARGET_NAME)";
				SWIFT_EMIT_LOC_STRINGS = NO;
				SWIFT_VERSION = 5.0;
				TARGETED_DEVICE_FAMILY = "1,2";
				TEST_HOST = "$(BUILT_PRODUCTS_DIR)/appFirebaseTutorialApp.app/$(BUNDLE_EXECUTABLE_FOLDER_PATH)/appFirebaseTutorialApp";
			};
			name = Release;
		};
		BE59A7AE2D10928E00C92ADB /* Debug */ = {
			isa = XCBuildConfiguration;
			buildSettings = {
				CODE_SIGN_STYLE = Automatic;
				CURRENT_PROJECT_VERSION = 1;
				GENERATE_INFOPLIST_FILE = YES;
				MARKETING_VERSION = 1.0;
				PRODUCT_BUNDLE_IDENTIFIER = oscar.appFirebaseTutorialAppUITests;
				PRODUCT_NAME = "$(TARGET_NAME)";
				SWIFT_EMIT_LOC_STRINGS = NO;
				SWIFT_VERSION = 5.0;
				TARGETED_DEVICE_FAMILY = "1,2";
				TEST_TARGET_NAME = appFirebaseTutorialApp;
			};
			name = Debug;
		};
		BE59A7AF2D10928E00C92ADB /* Release */ = {
			isa = XCBuildConfiguration;
			buildSettings = {
				CODE_SIGN_STYLE = Automatic;
				CURRENT_PROJECT_VERSION = 1;
				GENERATE_INFOPLIST_FILE = YES;
				MARKETING_VERSION = 1.0;
				PRODUCT_BUNDLE_IDENTIFIER = oscar.appFirebaseTutorialAppUITests;
				PRODUCT_NAME = "$(TARGET_NAME)";
				SWIFT_EMIT_LOC_STRINGS = NO;
				SWIFT_VERSION = 5.0;
				TARGETED_DEVICE_FAMILY = "1,2";
				TEST_TARGET_NAME = appFirebaseTutorialApp;
			};
			name = Release;
		};
/* End XCBuildConfiguration section */

/* Begin XCConfigurationList section */
		BE59A77E2D10928B00C92ADB /* Build configuration list for PBXProject "appFirebaseTutorialApp" */ = {
			isa = XCConfigurationList;
			buildConfigurations = (
				BE59A7A52D10928E00C92ADB /* Debug */,
				BE59A7A62D10928E00C92ADB /* Release */,
			);
			defaultConfigurationIsVisible = 0;
			defaultConfigurationName = Release;
		};
		BE59A7A72D10928E00C92ADB /* Build configuration list for PBXNativeTarget "appFirebaseTutorialApp" */ = {
			isa = XCConfigurationList;
			buildConfigurations = (
				BE59A7A82D10928E00C92ADB /* Debug */,
				BE59A7A92D10928E00C92ADB /* Release */,
			);
			defaultConfigurationIsVisible = 0;
			defaultConfigurationName = Release;
		};
		BE59A7AA2D10928E00C92ADB /* Build configuration list for PBXNativeTarget "appFirebaseTutorialAppTests" */ = {
			isa = XCConfigurationList;
			buildConfigurations = (
				BE59A7AB2D10928E00C92ADB /* Debug */,
				BE59A7AC2D10928E00C92ADB /* Release */,
			);
			defaultConfigurationIsVisible = 0;
			defaultConfigurationName = Release;
		};
		BE59A7AD2D10928E00C92ADB /* Build configuration list for PBXNativeTarget "appFirebaseTutorialAppUITests" */ = {
			isa = XCConfigurationList;
			buildConfigurations = (
				BE59A7AE2D10928E00C92ADB /* Debug */,
				BE59A7AF2D10928E00C92ADB /* Release */,
			);
			defaultConfigurationIsVisible = 0;
			defaultConfigurationName = Release;
		};
/* End XCConfigurationList section */

/* Begin XCRemoteSwiftPackageReference section */
		BE9D9B9C2D1107F000A29A13 /* XCRemoteSwiftPackageReference "firebase-ios-sdk" */ = {
			isa = XCRemoteSwiftPackageReference;
			repositoryURL = "https://github.com/firebase/firebase-ios-sdk.git";
			requirement = {
				kind = upToNextMajorVersion;
				minimumVersion = 11.6.0;
			};
		};
/* End XCRemoteSwiftPackageReference section */

/* Begin XCSwiftPackageProductDependency section */
		BE9D9B9D2D1107F000A29A13 /* FirebaseAuth */ = {
			isa = XCSwiftPackageProductDependency;
			package = BE9D9B9C2D1107F000A29A13 /* XCRemoteSwiftPackageReference "firebase-ios-sdk" */;
			productName = FirebaseAuth;
		};
		BE9D9B9F2D1107F000A29A13 /* FirebaseFirestore */ = {
			isa = XCSwiftPackageProductDependency;
			package = BE9D9B9C2D1107F000A29A13 /* XCRemoteSwiftPackageReference "firebase-ios-sdk" */;
			productName = FirebaseFirestore;
		};
		BEB9FDD42D111CAB004ABD4B /* FirebaseDatabase */ = {
			isa = XCSwiftPackageProductDependency;
			package = BE9D9B9C2D1107F000A29A13 /* XCRemoteSwiftPackageReference "firebase-ios-sdk" */;
			productName = FirebaseDatabase;
		};
/* End XCSwiftPackageProductDependency section */
	};
	rootObject = BE59A77B2D10928B00C92ADB /* Project object */;
}
